<?xml version="1.0" encoding="utf-8"?>
<Project ToolsVersion="4.0" xmlns="http://schemas.microsoft.com/developer/msbuild/2003">
  <ItemGroup>
    <Filter Include="Header Files">
      <UniqueIdentifier>{93995380-89BD-4b04-88EB-625FBE52EBFB}</UniqueIdentifier>
      <Extensions>h;hh;hpp;hxx;hm;inl;inc;xsd</Extensions>
    </Filter>
    <Filter Include="defines">
      <UniqueIdentifier>{6efa3ce5-a902-4756-866e-0b71d7a64e2d}</UniqueIdentifier>
    </Filter>
    <Filter Include="devices">
      <UniqueIdentifier>{abffc59a-129a-468d-b433-0278780530de}</UniqueIdentifier>
    </Filter>
    <Filter Include="encoder">
      <UniqueIdentifier>{3785b6df-1472-4dee-933f-5ff6c140b16e}</UniqueIdentifier>
    </Filter>
    <Filter Include="encoder\video">
      <UniqueIdentifier>{c9701cf2-d3f0-4418-9ca5-b5fe4a9001d8}</UniqueIdentifier>
    </Filter>
    <Filter Include="encoder\audio">
      <UniqueIdentifier>{b0ab0abf-99fb-4f8a-9710-f41a58665216}</UniqueIdentifier>
    </Filter>
    <Filter Include="filters">
      <UniqueIdentifier>{7b3e2bcb-f9aa-47e1-99f6-fd69cef6f46b}</UniqueIdentifier>
    </Filter>
    <Filter Include="helpers">
      <UniqueIdentifier>{4ebe5c56-1ded-4999-8ec8-a412f7e7e7c8}</UniqueIdentifier>
    </Filter>
    <Filter Include="helpers\win">
      <UniqueIdentifier>{524dd0a6-01e1-4df1-99a4-6453e72b2f00}</UniqueIdentifier>
    </Filter>
    <Filter Include="logger">
      <UniqueIdentifier>{36132240-93e0-4286-8729-4ab2df2ff726}</UniqueIdentifier>
    </Filter>
    <Filter Include="muxer">
      <UniqueIdentifier>{c728c158-0d9c-4769-bd5e-52b2744f7521}</UniqueIdentifier>
    </Filter>
    <Filter Include="record">
      <UniqueIdentifier>{06d19726-b0cf-49cb-9562-ecb1d4525c50}</UniqueIdentifier>
    </Filter>
  </ItemGroup>
  <ItemGroup>
    <ClInclude Include="..\src\d3d_helper.h" />
    <ClInclude Include="..\src\device_audios.h" />
    <ClInclude Include="..\src\device_videos.h" />
    <ClInclude Include="..\src\encoder_aac.h" />
    <ClInclude Include="..\src\encoder_video.h" />
    <ClInclude Include="..\src\encoder_video_define.h" />
    <ClInclude Include="..\src\encoder_video_factory.h" />
    <ClInclude Include="..\src\encoder_video_nvenc.h" />
    <ClInclude Include="..\src\encoder_video_x264.h" />
    <ClInclude Include="..\src\error_define.h" />
    <ClInclude Include="..\src\export.h" />
    <ClInclude Include="..\src\filter.h" />
    <ClInclude Include="..\src\filter_amix.h" />
    <ClInclude Include="..\src\filter_aresample.h" />
    <ClInclude Include="..\src\hardware_acceleration.h" />
    <ClInclude Include="..\src\headers_ffmpeg.h" />
    <ClInclude Include="..\src\headers_mmdevice.h" />
    <ClInclude Include="..\src\log_helper.h" />
    <ClInclude Include="..\src\mul_db.h" />
    <ClInclude Include="..\src\muxer_define.h" />
    <ClInclude Include="..\src\muxer_ffmpeg.h" />
    <ClInclude Include="..\src\muxer_file.h" />
    <ClInclude Include="..\src\record_audio.h" />
    <ClInclude Include="..\src\record_audio_define.h" />
    <ClInclude Include="..\src\record_audio_dshow.h" />
    <ClInclude Include="..\src\record_audio_factory.h" />
    <ClInclude Include="..\src\record_audio_wasapi.h" />
    <ClInclude Include="..\src\record_desktop.h" />
    <ClInclude Include="..\src\record_desktop_define.h" />
    <ClInclude Include="..\src\record_desktop_duplication.h" />
    <ClInclude Include="..\src\record_desktop_factory.h" />
    <ClInclude Include="..\src\record_desktop_ffmpeg_dshow.h" />
    <ClInclude Include="..\src\record_desktop_ffmpeg_gdi.h" />
    <ClInclude Include="..\src\record_desktop_gdi.h" />
    <ClInclude Include="..\src\remuxer_ffmpeg.h" />
    <ClInclude Include="..\src\resample_pcm.h" />
    <ClInclude Include="..\src\ring_buffer.h" />
    <ClInclude Include="..\src\sws_helper.h" />
    <ClInclude Include="..\src\system_lib.h" />
    <ClInclude Include="..\src\system_time.h" />
    <ClInclude Include="..\src\system_version.h" />
    <ClInclude Include="..\src\utils_string.h" />
  </ItemGroup>
  <ItemGroup>
    <ClCompile Include="..\src\d3d_helper.cpp" />
    <ClCompile Include="..\src\device_audios.cpp" />
    <ClCompile Include="..\src\device_videos.cpp" />
    <ClCompile Include="..\src\dllmain.cpp" />
    <ClCompile Include="..\src\encoder_aac.cpp" />
    <ClCompile Include="..\src\encoder_video.cpp" />
    <ClCompile Include="..\src\encoder_video_factory.cpp" />
    <ClCompile Include="..\src\encoder_video_nvenc.cpp" />
    <ClCompile Include="..\src\encoder_video_x264.cpp" />
    <ClCompile Include="..\src\export.cpp" />
    <ClCompile Include="..\src\filter.cpp" />
    <ClCompile Include="..\src\filter_amix.cpp" />
    <ClCompile Include="..\src\filter_aresample.cpp" />
    <ClCompile Include="..\src\hardware_acceleration.cpp" />
    <ClCompile Include="..\src\headers_mmdevice.cpp" />
    <ClCompile Include="..\src\main.cpp" />
    <ClCompile Include="..\src\muxer_ffmpeg.cpp" />
    <ClCompile Include="..\src\muxer_file.cpp" />
    <ClCompile Include="..\src\record_audio.cpp" />
    <ClCompile Include="..\src\record_audio_dshow.cpp" />
    <ClCompile Include="..\src\record_audio_factory.cpp" />
    <ClCompile Include="..\src\record_audio_wasapi.cpp" />
    <ClCompile Include="..\src\record_desktop.cpp" />
    <ClCompile Include="..\src\record_desktop_duplication.cpp" />
    <ClCompile Include="..\src\record_desktop_factory.cpp" />
    <ClCompile Include="..\src\record_desktop_ffmpeg_dshow.cpp" />
    <ClCompile Include="..\src\record_desktop_ffmpeg_gdi.cpp" />
    <ClCompile Include="..\src\record_desktop_gdi.cpp" />
    <ClCompile Include="..\src\remuxer_ffmpeg.cpp" />
    <ClCompile Include="..\src\resample_pcm.cpp" />
    <ClCompile Include="..\src\sws_helper.cpp" />
    <ClCompile Include="..\src\system_lib.cpp" />
    <ClCompile Include="..\src\system_time.cpp" />
    <ClCompile Include="..\src\system_version.cpp" />
    <ClCompile Include="..\src\utils_string.cpp" />
  </ItemGroup>
  <ItemGroup>
    <FxCompile Include="..\src\d3d_pixelshader.hlsl" />
    <FxCompile Include="..\src\d3d_vertexshader.hlsl" />
  </ItemGroup>
</Project>